
Microsoft Visual Studio Solution File, Format Version 12.00
# Visual Studio Version 17
VisualStudioVersion = 17.12.35521.163
MinimumVisualStudioVersion = 10.0.40219.1
Project("{FAE04EC0-301F-11D3-BF4B-00C04F79EFBC}") = "DBModel", "..\DBModel\DBModel.csproj", "{38EDDA10-2FCB-44D2-BBBC-AEC947297D00}"
EndProject
Project("{FAE04EC0-301F-11D3-BF4B-00C04F79EFBC}") = "Sec21Core", "..\Sec21Core\Sec21Core.csproj", "{DAA1938B-C0D1-403B-8D30-118D6F48DB25}"
EndProject
Global
	GlobalSection(SolutionConfigurationPlatforms) = preSolution
		Debug|Any CPU = Debug|Any CPU
		Release|Any CPU = Release|Any CPU
	EndGlobalSection
	GlobalSection(ProjectConfigurationPlatforms) = postSolution
		{38EDDA10-2FCB-44D2-BBBC-AEC947297D00}.Debug|Any CPU.ActiveCfg = Debug|Any CPU
		{38EDDA10-2FCB-44D2-BBBC-AEC947297D00}.Debug|Any CPU.Build.0 = Debug|Any CPU
		{38EDDA10-2FCB-44D2-BBBC-AEC947297D00}.Release|Any CPU.ActiveCfg = Release|Any CPU
		{38EDDA10-2FCB-44D2-BBBC-AEC947297D00}.Release|Any CPU.Build.0 = Release|Any CPU
		{DAA1938B-C0D1-403B-8D30-118D6F48DB25}.Debug|Any CPU.ActiveCfg = Debug|Any CPU
		{DAA1938B-C0D1-403B-8D30-118D6F48DB25}.Debug|Any CPU.Build.0 = Debug|Any CPU
		{DAA1938B-C0D1-403B-8D30-118D6F48DB25}.Release|Any CPU.ActiveCfg = Release|Any CPU
		{DAA1938B-C0D1-403B-8D30-118D6F48DB25}.Release|Any CPU.Build.0 = Release|Any CPU
	EndGlobalSection
	GlobalSection(SolutionProperties) = preSolution
		HideSolutionNode = FALSE
	EndGlobalSection
EndGlobal
